
Microsoft Visual Studio Solution File, Format Version 11.00
# Visual Studio 2010
Project("{FAE04EC0-301F-11D3-BF4B-00C04F79EFBC}") = "Assembly-CSharp-firstpass", "Assembly-CSharp-firstpass.csproj", "{18937A1A-D942-7C66-3CEF-1BFA9DF08366}"
EndProject
Project("{FAE04EC0-301F-11D3-BF4B-00C04F79EFBC}") = "Assembly-CSharp", "Assembly-CSharp.csproj", "{57F14994-BFBA-7C30-F05C-D720420F1D3E}"
EndProject
Project("{FAE04EC0-301F-11D3-BF4B-00C04F79EFBC}") = "Assembly-CSharp-Editor-firstpass", "Assembly-CSharp-Editor-firstpass.csproj", "{02556C24-F757-C3DB-4273-1DD7062D7232}"
EndProject
Project("{FAE04EC0-301F-11D3-BF4B-00C04F79EFBC}") = "Assembly-CSharp-Editor", "Assembly-CSharp-Editor.csproj", "{FC243D70-A3B3-DA74-CC0B-AD18C8CB3960}"
EndProject
Global
	GlobalSection(SolutionConfigurationPlatforms) = preSolution
		Debug|Any CPU = Debug|Any CPU
		Release|Any CPU = Release|Any CPU
	EndGlobalSection
	GlobalSection(ProjectConfigurationPlatforms) = postSolution
		{18937A1A-D942-7C66-3CEF-1BFA9DF08366}.Debug|Any CPU.ActiveCfg = Debug|Any CPU
		{18937A1A-D942-7C66-3CEF-1BFA9DF08366}.Debug|Any CPU.Build.0 = Debug|Any CPU
		{18937A1A-D942-7C66-3CEF-1BFA9DF08366}.Release|Any CPU.ActiveCfg = Release|Any CPU
		{18937A1A-D942-7C66-3CEF-1BFA9DF08366}.Release|Any CPU.Build.0 = Release|Any CPU
		{57F14994-BFBA-7C30-F05C-D720420F1D3E}.Debug|Any CPU.ActiveCfg = Debug|Any CPU
		{57F14994-BFBA-7C30-F05C-D720420F1D3E}.Debug|Any CPU.Build.0 = Debug|Any CPU
		{57F14994-BFBA-7C30-F05C-D720420F1D3E}.Release|Any CPU.ActiveCfg = Release|Any CPU
		{57F14994-BFBA-7C30-F05C-D720420F1D3E}.Release|Any CPU.Build.0 = Release|Any CPU
		{02556C24-F757-C3DB-4273-1DD7062D7232}.Debug|Any CPU.ActiveCfg = Debug|Any CPU
		{02556C24-F757-C3DB-4273-1DD7062D7232}.Debug|Any CPU.Build.0 = Debug|Any CPU
		{02556C24-F757-C3DB-4273-1DD7062D7232}.Release|Any CPU.ActiveCfg = Release|Any CPU
		{02556C24-F757-C3DB-4273-1DD7062D7232}.Release|Any CPU.Build.0 = Release|Any CPU
		{FC243D70-A3B3-DA74-CC0B-AD18C8CB3960}.Debug|Any CPU.ActiveCfg = Debug|Any CPU
		{FC243D70-A3B3-DA74-CC0B-AD18C8CB3960}.Debug|Any CPU.Build.0 = Debug|Any CPU
		{FC243D70-A3B3-DA74-CC0B-AD18C8CB3960}.Release|Any CPU.ActiveCfg = Release|Any CPU
		{FC243D70-A3B3-DA74-CC0B-AD18C8CB3960}.Release|Any CPU.Build.0 = Release|Any CPU
	EndGlobalSection
	GlobalSection(SolutionProperties) = preSolution
		HideSolutionNode = FALSE
	EndGlobalSection
EndGlobal
