
Microsoft Visual Studio Solution File, Format Version 11.00
# Visual Studio 2010
Project("{FAE04EC0-301F-11D3-BF4B-00C04F79EFBC}") = "Assembly-CSharp", "Assembly-CSharp.csproj", "{C2BA79BD-C04C-9A08-DAA7-731DECD000FF}"
EndProject
Project("{FAE04EC0-301F-11D3-BF4B-00C04F79EFBC}") = "Assembly-CSharp-firstpass", "Assembly-CSharp-firstpass.csproj", "{8D0C9B93-4840-83DF-CD7A-E1F2EDE9A43D}"
EndProject
Project("{FAE04EC0-301F-11D3-BF4B-00C04F79EFBC}") = "Assembly-CSharp-Editor-firstpass", "Assembly-CSharp-Editor-firstpass.csproj", "{144848B3-1AA5-DC99-9475-6619A3BE2C76}"
EndProject
Global
	GlobalSection(SolutionConfigurationPlatforms) = preSolution
		Debug|Any CPU = Debug|Any CPU
		Release|Any CPU = Release|Any CPU
	EndGlobalSection
	GlobalSection(ProjectConfigurationPlatforms) = postSolution
		{C2BA79BD-C04C-9A08-DAA7-731DECD000FF}.Debug|Any CPU.ActiveCfg = Debug|Any CPU
		{C2BA79BD-C04C-9A08-DAA7-731DECD000FF}.Debug|Any CPU.Build.0 = Debug|Any CPU
		{C2BA79BD-C04C-9A08-DAA7-731DECD000FF}.Release|Any CPU.ActiveCfg = Release|Any CPU
		{C2BA79BD-C04C-9A08-DAA7-731DECD000FF}.Release|Any CPU.Build.0 = Release|Any CPU
		{8D0C9B93-4840-83DF-CD7A-E1F2EDE9A43D}.Debug|Any CPU.ActiveCfg = Debug|Any CPU
		{8D0C9B93-4840-83DF-CD7A-E1F2EDE9A43D}.Debug|Any CPU.Build.0 = Debug|Any CPU
		{8D0C9B93-4840-83DF-CD7A-E1F2EDE9A43D}.Release|Any CPU.ActiveCfg = Release|Any CPU
		{8D0C9B93-4840-83DF-CD7A-E1F2EDE9A43D}.Release|Any CPU.Build.0 = Release|Any CPU
		{144848B3-1AA5-DC99-9475-6619A3BE2C76}.Debug|Any CPU.ActiveCfg = Debug|Any CPU
		{144848B3-1AA5-DC99-9475-6619A3BE2C76}.Debug|Any CPU.Build.0 = Debug|Any CPU
		{144848B3-1AA5-DC99-9475-6619A3BE2C76}.Release|Any CPU.ActiveCfg = Release|Any CPU
		{144848B3-1AA5-DC99-9475-6619A3BE2C76}.Release|Any CPU.Build.0 = Release|Any CPU
	EndGlobalSection
	GlobalSection(SolutionProperties) = preSolution
		HideSolutionNode = FALSE
	EndGlobalSection
EndGlobal
